
Microsoft Visual Studio Solution File, Format Version 12.00
# Visual Studio Version 17
VisualStudioVersion = 17.3.32929.385
MinimumVisualStudioVersion = 10.0.40219.1
Project("{FAE04EC0-301F-11D3-BF4B-00C04F79EFBC}") = "files_system.io", "files_system.io.csproj", "{CFE62D88-E7CC-45B8-9A39-FEB567596834}"
EndProject
Global
	GlobalSection(SolutionConfigurationPlatforms) = preSolution
		Debug|Any CPU = Debug|Any CPU
		Release|Any CPU = Release|Any CPU
	EndGlobalSection
	GlobalSection(ProjectConfigurationPlatforms) = postSolution
		{CFE62D88-E7CC-45B8-9A39-FEB567596834}.Debug|Any CPU.ActiveCfg = Debug|Any CPU
		{CFE62D88-E7CC-45B8-9A39-FEB567596834}.Debug|Any CPU.Build.0 = Debug|Any CPU
		{CFE62D88-E7CC-45B8-9A39-FEB567596834}.Release|Any CPU.ActiveCfg = Release|Any CPU
		{CFE62D88-E7CC-45B8-9A39-FEB567596834}.Release|Any CPU.Build.0 = Release|Any CPU
	EndGlobalSection
	GlobalSection(SolutionProperties) = preSolution
		HideSolutionNode = FALSE
	EndGlobalSection
	GlobalSection(ExtensibilityGlobals) = postSolution
		SolutionGuid = {10E6860E-7747-4BC1-9195-F228BBD42802}
	EndGlobalSection
EndGlobal
