
Microsoft Visual Studio Solution File, Format Version 12.00
# Visual Studio Version 17
VisualStudioVersion = 17.3.32929.385
MinimumVisualStudioVersion = 10.0.40219.1
Project("{FAE04EC0-301F-11D3-BF4B-00C04F79EFBC}") = "for loops(even or odd)", "for loops(even or odd).csproj", "{C34B3D3F-ED50-4263-A5A8-BB57FF8A62C3}"
EndProject
Global
	GlobalSection(SolutionConfigurationPlatforms) = preSolution
		Debug|Any CPU = Debug|Any CPU
		Release|Any CPU = Release|Any CPU
	EndGlobalSection
	GlobalSection(ProjectConfigurationPlatforms) = postSolution
		{C34B3D3F-ED50-4263-A5A8-BB57FF8A62C3}.Debug|Any CPU.ActiveCfg = Debug|Any CPU
		{C34B3D3F-ED50-4263-A5A8-BB57FF8A62C3}.Debug|Any CPU.Build.0 = Debug|Any CPU
		{C34B3D3F-ED50-4263-A5A8-BB57FF8A62C3}.Release|Any CPU.ActiveCfg = Release|Any CPU
		{C34B3D3F-ED50-4263-A5A8-BB57FF8A62C3}.Release|Any CPU.Build.0 = Release|Any CPU
	EndGlobalSection
	GlobalSection(SolutionProperties) = preSolution
		HideSolutionNode = FALSE
	EndGlobalSection
	GlobalSection(ExtensibilityGlobals) = postSolution
		SolutionGuid = {4C804E6F-0CAD-44B4-A412-8F689C65CEE1}
	EndGlobalSection
EndGlobal
