
Microsoft Visual Studio Solution File, Format Version 12.00
# Visual Studio Version 17
VisualStudioVersion = 17.3.32929.385
MinimumVisualStudioVersion = 10.0.40219.1
Project("{FAE04EC0-301F-11D3-BF4B-00C04F79EFBC}") = "foreach_loop", "foreach_loop.csproj", "{D223D2CB-B90D-4284-92CF-46233ADEF5DD}"
EndProject
Global
	GlobalSection(SolutionConfigurationPlatforms) = preSolution
		Debug|Any CPU = Debug|Any CPU
		Release|Any CPU = Release|Any CPU
	EndGlobalSection
	GlobalSection(ProjectConfigurationPlatforms) = postSolution
		{D223D2CB-B90D-4284-92CF-46233ADEF5DD}.Debug|Any CPU.ActiveCfg = Debug|Any CPU
		{D223D2CB-B90D-4284-92CF-46233ADEF5DD}.Debug|Any CPU.Build.0 = Debug|Any CPU
		{D223D2CB-B90D-4284-92CF-46233ADEF5DD}.Release|Any CPU.ActiveCfg = Release|Any CPU
		{D223D2CB-B90D-4284-92CF-46233ADEF5DD}.Release|Any CPU.Build.0 = Release|Any CPU
	EndGlobalSection
	GlobalSection(SolutionProperties) = preSolution
		HideSolutionNode = FALSE
	EndGlobalSection
	GlobalSection(ExtensibilityGlobals) = postSolution
		SolutionGuid = {A84D4A3E-59F5-41BB-8BED-4E7BC74E8CBB}
	EndGlobalSection
EndGlobal
