
Microsoft Visual Studio Solution File, Format Version 12.00
# Visual Studio Version 17
VisualStudioVersion = 17.3.32929.385
MinimumVisualStudioVersion = 10.0.40219.1
Project("{FAE04EC0-301F-11D3-BF4B-00C04F79EFBC}") = "live_coding string", "live_coding string.csproj", "{31A577B1-F6BF-449A-B81F-5B0BE5331261}"
EndProject
Global
	GlobalSection(SolutionConfigurationPlatforms) = preSolution
		Debug|Any CPU = Debug|Any CPU
		Release|Any CPU = Release|Any CPU
	EndGlobalSection
	GlobalSection(ProjectConfigurationPlatforms) = postSolution
		{31A577B1-F6BF-449A-B81F-5B0BE5331261}.Debug|Any CPU.ActiveCfg = Debug|Any CPU
		{31A577B1-F6BF-449A-B81F-5B0BE5331261}.Debug|Any CPU.Build.0 = Debug|Any CPU
		{31A577B1-F6BF-449A-B81F-5B0BE5331261}.Release|Any CPU.ActiveCfg = Release|Any CPU
		{31A577B1-F6BF-449A-B81F-5B0BE5331261}.Release|Any CPU.Build.0 = Release|Any CPU
	EndGlobalSection
	GlobalSection(SolutionProperties) = preSolution
		HideSolutionNode = FALSE
	EndGlobalSection
	GlobalSection(ExtensibilityGlobals) = postSolution
		SolutionGuid = {7FF97755-F8D1-4240-8DE7-EA39E66D521D}
	EndGlobalSection
EndGlobal
