
Microsoft Visual Studio Solution File, Format Version 12.00
# Visual Studio Version 17
VisualStudioVersion = 17.3.32929.385
MinimumVisualStudioVersion = 10.0.40219.1
Project("{FAE04EC0-301F-11D3-BF4B-00C04F79EFBC}") = "multidimensional array", "multidimensional array.csproj", "{AD8597CB-20D9-423D-BEC2-FA8ABC90D07A}"
EndProject
Global
	GlobalSection(SolutionConfigurationPlatforms) = preSolution
		Debug|Any CPU = Debug|Any CPU
		Release|Any CPU = Release|Any CPU
	EndGlobalSection
	GlobalSection(ProjectConfigurationPlatforms) = postSolution
		{AD8597CB-20D9-423D-BEC2-FA8ABC90D07A}.Debug|Any CPU.ActiveCfg = Debug|Any CPU
		{AD8597CB-20D9-423D-BEC2-FA8ABC90D07A}.Debug|Any CPU.Build.0 = Debug|Any CPU
		{AD8597CB-20D9-423D-BEC2-FA8ABC90D07A}.Release|Any CPU.ActiveCfg = Release|Any CPU
		{AD8597CB-20D9-423D-BEC2-FA8ABC90D07A}.Release|Any CPU.Build.0 = Release|Any CPU
	EndGlobalSection
	GlobalSection(SolutionProperties) = preSolution
		HideSolutionNode = FALSE
	EndGlobalSection
	GlobalSection(ExtensibilityGlobals) = postSolution
		SolutionGuid = {882298A9-1781-4EAB-A761-CAA476CC5187}
	EndGlobalSection
EndGlobal
