
Microsoft Visual Studio Solution File, Format Version 12.00
# Visual Studio Version 17
VisualStudioVersion = 17.3.32929.385
MinimumVisualStudioVersion = 10.0.40219.1
Project("{FAE04EC0-301F-11D3-BF4B-00C04F79EFBC}") = "references_types_and_value_types", "references_types_and_value_types.csproj", "{9CDE0B42-7153-4255-858D-9CFFD4E89E4F}"
EndProject
Global
	GlobalSection(SolutionConfigurationPlatforms) = preSolution
		Debug|Any CPU = Debug|Any CPU
		Release|Any CPU = Release|Any CPU
	EndGlobalSection
	GlobalSection(ProjectConfigurationPlatforms) = postSolution
		{9CDE0B42-7153-4255-858D-9CFFD4E89E4F}.Debug|Any CPU.ActiveCfg = Debug|Any CPU
		{9CDE0B42-7153-4255-858D-9CFFD4E89E4F}.Debug|Any CPU.Build.0 = Debug|Any CPU
		{9CDE0B42-7153-4255-858D-9CFFD4E89E4F}.Release|Any CPU.ActiveCfg = Release|Any CPU
		{9CDE0B42-7153-4255-858D-9CFFD4E89E4F}.Release|Any CPU.Build.0 = Release|Any CPU
	EndGlobalSection
	GlobalSection(SolutionProperties) = preSolution
		HideSolutionNode = FALSE
	EndGlobalSection
	GlobalSection(ExtensibilityGlobals) = postSolution
		SolutionGuid = {1E32876F-4A02-4315-8770-E831ACB7FC09}
	EndGlobalSection
EndGlobal
